
Microsoft Visual Studio Solution File, Format Version 12.00
# Visual Studio Version 17
VisualStudioVersion = 17.10.35122.118
MinimumVisualStudioVersion = 10.0.40219.1
Project("{FAE04EC0-301F-11D3-BF4B-00C04F79EFBC}") = "P1", "P1.csproj", "{108BF13C-25BD-4449-9E25-B1ED5496934A}"
EndProject
Global
	GlobalSection(SolutionConfigurationPlatforms) = preSolution
		Debug|Any CPU = Debug|Any CPU
		Release|Any CPU = Release|Any CPU
	EndGlobalSection
	GlobalSection(ProjectConfigurationPlatforms) = postSolution
		{108BF13C-25BD-4449-9E25-B1ED5496934A}.Debug|Any CPU.ActiveCfg = Debug|Any CPU
		{108BF13C-25BD-4449-9E25-B1ED5496934A}.Debug|Any CPU.Build.0 = Debug|Any CPU
		{108BF13C-25BD-4449-9E25-B1ED5496934A}.Release|Any CPU.ActiveCfg = Release|Any CPU
		{108BF13C-25BD-4449-9E25-B1ED5496934A}.Release|Any CPU.Build.0 = Release|Any CPU
	EndGlobalSection
	GlobalSection(SolutionProperties) = preSolution
		HideSolutionNode = FALSE
	EndGlobalSection
	GlobalSection(ExtensibilityGlobals) = postSolution
		SolutionGuid = {EBA6769F-99D4-44DA-9C7B-C31AF393A021}
	EndGlobalSection
EndGlobal
